// !$*UTF8*$!
{
	archiveVersion = 1;
	classes = {
	};
	objectVersion = 77;
	objects = {

/* Begin PBXFileReference section */
		5970B68E2EDF8AA100C95C71 /* coo_csr.metallib */ = {isa = PBXFileReference; explicitFileType = "archive.metal-library"; includeInIndex = 0; path = coo_csr.metallib; sourceTree = BUILT_PRODUCTS_DIR; };
/* End PBXFileReference section */

/* Begin PBXFileSystemSynchronizedRootGroup section */
		5970B6902EDF8AA100C95C71 /* coo_csr */ = {
			isa = PBXFileSystemSynchronizedRootGroup;
			path = coo_csr;
			sourceTree = "<group>";
		};
/* End PBXFileSystemSynchronizedRootGroup section */

/* Begin PBXGroup section */
		5970B6872EDF8AA100C95C71 = {
			isa = PBXGroup;
			children = (
				5970B6902EDF8AA100C95C71 /* coo_csr */,
				5970B68F2EDF8AA100C95C71 /* Products */,
			);
			sourceTree = "<group>";
		};
		5970B68F2EDF8AA100C95C71 /* Products */ = {
			isa = PBXGroup;
			children = (
				5970B68E2EDF8AA100C95C71 /* coo_csr.metallib */,
			);
			name = Products;
			sourceTree = "<group>";
		};
/* End PBXGroup section */

/* Begin PBXNativeTarget section */
		5970B68D2EDF8AA100C95C71 /* coo_csr */ = {
			isa = PBXNativeTarget;
			buildConfigurationList = 5970B6952EDF8AA100C95C71 /* Build configuration list for PBXNativeTarget "coo_csr" */;
			buildPhases = (
				5970B68C2EDF8AA100C95C71 /* Sources */,
			);
			buildRules = (
			);
			dependencies = (
			);
			fileSystemSynchronizedGroups = (
				5970B6902EDF8AA100C95C71 /* coo_csr */,
			);
			name = coo_csr;
			packageProductDependencies = (
			);
			productName = coo_csr;
			productReference = 5970B68E2EDF8AA100C95C71 /* coo_csr.metallib */;
			productType = "com.apple.product-type.metal-library";
		};
/* End PBXNativeTarget section */

/* Begin PBXProject section */
		5970B6882EDF8AA100C95C71 /* Project object */ = {
			isa = PBXProject;
			attributes = {
				BuildIndependentTargetsInParallel = 1;
				LastUpgradeCheck = 2600;
				TargetAttributes = {
					5970B68D2EDF8AA100C95C71 = {
						CreatedOnToolsVersion = 26.0.1;
					};
				};
			};
			buildConfigurationList = 5970B68B2EDF8AA100C95C71 /* Build configuration list for PBXProject "coo_csr" */;
			developmentRegion = en;
			hasScannedForEncodings = 0;
			knownRegions = (
				en,
				Base,
			);
			mainGroup = 5970B6872EDF8AA100C95C71;
			minimizedProjectReferenceProxies = 1;
			preferredProjectObjectVersion = 77;
			productRefGroup = 5970B68F2EDF8AA100C95C71 /* Products */;
			projectDirPath = "";
			projectRoot = "";
			targets = (
				5970B68D2EDF8AA100C95C71 /* coo_csr */,
			);
		};
/* End PBXProject section */

/* Begin PBXSourcesBuildPhase section */
		5970B68C2EDF8AA100C95C71 /* Sources */ = {
			isa = PBXSourcesBuildPhase;
			buildActionMask = 2147483647;
			files = (
			);
			runOnlyForDeploymentPostprocessing = 0;
		};
/* End PBXSourcesBuildPhase section */

/* Begin XCBuildConfiguration section */
		5970B6932EDF8AA100C95C71 /* Debug */ = {
			isa = XCBuildConfiguration;
			buildSettings = {
				ALWAYS_SEARCH_USER_PATHS = NO;
				MACOSX_DEPLOYMENT_TARGET = 26.0;
				MTL_ENABLE_DEBUG_INFO = INCLUDE_SOURCE;
				MTL_FAST_MATH = YES;
				SDKROOT = macosx;
			};
			name = Debug;
		};
		5970B6942EDF8AA100C95C71 /* Release */ = {
			isa = XCBuildConfiguration;
			buildSettings = {
				ALWAYS_SEARCH_USER_PATHS = NO;
				MACOSX_DEPLOYMENT_TARGET = 26.0;
				MTL_ENABLE_DEBUG_INFO = NO;
				MTL_FAST_MATH = YES;
				SDKROOT = macosx;
			};
			name = Release;
		};
		5970B6962EDF8AA100C95C71 /* Debug */ = {
			isa = XCBuildConfiguration;
			buildSettings = {
				CODE_SIGN_STYLE = Automatic;
				PRODUCT_NAME = "$(TARGET_NAME)";
				VERSIONING_SYSTEM = "";
			};
			name = Debug;
		};
		5970B6972EDF8AA100C95C71 /* Release */ = {
			isa = XCBuildConfiguration;
			buildSettings = {
				CODE_SIGN_STYLE = Automatic;
				PRODUCT_NAME = "$(TARGET_NAME)";
				VERSIONING_SYSTEM = "";
			};
			name = Release;
		};
/* End XCBuildConfiguration section */

/* Begin XCConfigurationList section */
		5970B68B2EDF8AA100C95C71 /* Build configuration list for PBXProject "coo_csr" */ = {
			isa = XCConfigurationList;
			buildConfigurations = (
				5970B6932EDF8AA100C95C71 /* Debug */,
				5970B6942EDF8AA100C95C71 /* Release */,
			);
			defaultConfigurationIsVisible = 0;
			defaultConfigurationName = Release;
		};
		5970B6952EDF8AA100C95C71 /* Build configuration list for PBXNativeTarget "coo_csr" */ = {
			isa = XCConfigurationList;
			buildConfigurations = (
				5970B6962EDF8AA100C95C71 /* Debug */,
				5970B6972EDF8AA100C95C71 /* Release */,
			);
			defaultConfigurationIsVisible = 0;
			defaultConfigurationName = Release;
		};
/* End XCConfigurationList section */
	};
	rootObject = 5970B6882EDF8AA100C95C71 /* Project object */;
}
